{
  "name": "手风琴分组",
  "version": "1.0.0",
  "lockfileVersion": 2,
  "requires": true,
  "packages": {
    "": {
      "name": "手风琴分组",
      "version": "1.0.0",
      "license": "ISC",
      "devDependencies": {
        "@types/chrome": "^0.0.266",
        "typescript": "^5.4.5"
      }
    },
    "node_modules/@types/chrome": {
      "version": "0.0.266",
      "resolved": "http://r.npm.sankuai.com/@types/chrome/download/@types/chrome-0.0.266.tgz",
      "integrity": "sha1-HvDDB26gVInbKgSgV2V1h5INI5A=",
      "dev": true,
      "license": "MIT",
      "dependencies": {
        "@types/filesystem": "*",
        "@types/har-format": "*"
      }
    },
    "node_modules/@types/filesystem": {
      "version": "0.0.36",
      "resolved": "http://r.npm.sankuai.com/@types/filesystem/download/@types/filesystem-0.0.36.tgz",
      "integrity": "sha1-cifC12v+0bIYGdsxCBbHgh0wOFc=",
      "dev": true,
      "license": "MIT",
      "dependencies": {
        "@types/filewriter": "*"
      }
    },
    "node_modules/@types/filewriter": {
      "version": "0.0.33",
      "resolved": "http://r.npm.sankuai.com/@types/filewriter/download/@types/filewriter-0.0.33.tgz",
      "integrity": "sha1-2dYR252c2Zrk5FjeQg7rZK1gTqg=",
      "dev": true,
      "license": "MIT"
    },
    "node_modules/@types/har-format": {
      "version": "1.2.15",
      "resolved": "http://r.npm.sankuai.com/@types/har-format/download/@types/har-format-1.2.15.tgz",
      "integrity": "sha1-81JJNjjC+J1wZDihmp6zALSTtQY=",
      "dev": true,
      "license": "MIT"
    },
    "node_modules/typescript": {
      "version": "5.4.5",
      "resolved": "http://r.npm.sankuai.com/typescript/download/typescript-5.4.5.tgz",
      "integrity": "sha1-QszvLFcf29D2cYsdH15uXvAG9hE=",
      "dev": true,
      "license": "Apache-2.0",
      "bin": {
        "tsc": "bin/tsc",
        "tsserver": "bin/tsserver"
      },
      "engines": {
        "node": ">=14.17"
      }
    }
  },
  "dependencies": {
    "@types/chrome": {
      "version": "0.0.266",
      "resolved": "http://r.npm.sankuai.com/@types/chrome/download/@types/chrome-0.0.266.tgz",
      "integrity": "sha1-HvDDB26gVInbKgSgV2V1h5INI5A=",
      "dev": true,
      "requires": {
        "@types/filesystem": "*",
        "@types/har-format": "*"
      }
    },
    "@types/filesystem": {
      "version": "0.0.36",
      "resolved": "http://r.npm.sankuai.com/@types/filesystem/download/@types/filesystem-0.0.36.tgz",
      "integrity": "sha1-cifC12v+0bIYGdsxCBbHgh0wOFc=",
      "dev": true,
      "requires": {
        "@types/filewriter": "*"
      }
    },
    "@types/filewriter": {
      "version": "0.0.33",
      "resolved": "http://r.npm.sankuai.com/@types/filewriter/download/@types/filewriter-0.0.33.tgz",
      "integrity": "sha1-2dYR252c2Zrk5FjeQg7rZK1gTqg=",
      "dev": true
    },
    "@types/har-format": {
      "version": "1.2.15",
      "resolved": "http://r.npm.sankuai.com/@types/har-format/download/@types/har-format-1.2.15.tgz",
      "integrity": "sha1-81JJNjjC+J1wZDihmp6zALSTtQY=",
      "dev": true
    },
    "typescript": {
      "version": "5.4.5",
      "resolved": "http://r.npm.sankuai.com/typescript/download/typescript-5.4.5.tgz",
      "integrity": "sha1-QszvLFcf29D2cYsdH15uXvAG9hE=",
      "dev": true
    }
  }
}
